
Microsoft Visual Studio Solution File, Format Version 11.00
# Visual Studio 2010
Project("{E24C65DC-7377-472B-9ABA-BC803B73C61A}") = "EmailMsg", "..\EmailMsg", "{483BB9D3-8DED-4559-B2A3-D9263417A0FD}"
	ProjectSection(WebsiteProperties) = preProject
		TargetFrameworkMoniker = ".NETFramework,Version%3Dv4.0"
		Debug.AspNetCompiler.VirtualPath = "/EmailMsg"
		Debug.AspNetCompiler.PhysicalPath = "..\EmailMsg\"
		Debug.AspNetCompiler.TargetPath = "PrecompiledWeb\EmailMsg\"
		Debug.AspNetCompiler.Updateable = "true"
		Debug.AspNetCompiler.ForceOverwrite = "true"
		Debug.AspNetCompiler.FixedNames = "false"
		Debug.AspNetCompiler.Debug = "True"
		Release.AspNetCompiler.VirtualPath = "/EmailMsg"
		Release.AspNetCompiler.PhysicalPath = "..\EmailMsg\"
		Release.AspNetCompiler.TargetPath = "PrecompiledWeb\EmailMsg\"
		Release.AspNetCompiler.Updateable = "true"
		Release.AspNetCompiler.ForceOverwrite = "true"
		Release.AspNetCompiler.FixedNames = "false"
		Release.AspNetCompiler.Debug = "False"
		VWDPort = "20992"
	EndProjectSection
EndProject
Global
	GlobalSection(SolutionConfigurationPlatforms) = preSolution
		Debug|Any CPU = Debug|Any CPU
	EndGlobalSection
	GlobalSection(ProjectConfigurationPlatforms) = postSolution
		{483BB9D3-8DED-4559-B2A3-D9263417A0FD}.Debug|Any CPU.ActiveCfg = Debug|Any CPU
		{483BB9D3-8DED-4559-B2A3-D9263417A0FD}.Debug|Any CPU.Build.0 = Debug|Any CPU
	EndGlobalSection
	GlobalSection(SolutionProperties) = preSolution
		HideSolutionNode = FALSE
	EndGlobalSection
EndGlobal
